// !$*UTF8*$!
{
	archiveVersion = 1;
	classes = {
	};
	objectVersion = 46;
	objects = {

/* Begin PBXBuildFile section */
		965332F01C391D0B00F5CF57 /* AppDelegate.swift in Sources */ = {isa = PBXBuildFile; fileRef = 965332EF1C391D0B00F5CF57 /* AppDelegate.swift */; };
		965332F21C391D0B00F5CF57 /* ViewController.swift in Sources */ = {isa = PBXBuildFile; fileRef = 965332F11C391D0B00F5CF57 /* ViewController.swift */; };
		965332F51C391D0B00F5CF57 /* Main.storyboard in Resources */ = {isa = PBXBuildFile; fileRef = 965332F31C391D0B00F5CF57 /* Main.storyboard */; };
		965332F71C391D0B00F5CF57 /* Assets.xcassets in Resources */ = {isa = PBXBuildFile; fileRef = 965332F61C391D0B00F5CF57 /* Assets.xcassets */; };
		965332FA1C391D0B00F5CF57 /* LaunchScreen.storyboard in Resources */ = {isa = PBXBuildFile; fileRef = 965332F81C391D0B00F5CF57 /* LaunchScreen.storyboard */; };
		965333051C391D0B00F5CF57 /* STSubmitButtonTests.swift in Sources */ = {isa = PBXBuildFile; fileRef = 965333041C391D0B00F5CF57 /* STSubmitButtonTests.swift */; };
		965333101C391D0B00F5CF57 /* STSubmitButtonUITests.swift in Sources */ = {isa = PBXBuildFile; fileRef = 9653330F1C391D0B00F5CF57 /* STSubmitButtonUITests.swift */; };
		9653331F1C391EAB00F5CF57 /* STSubmitButton.swift in Sources */ = {isa = PBXBuildFile; fileRef = 9653331E1C391EAB00F5CF57 /* STSubmitButton.swift */; };
		965333211C391F0C00F5CF57 /* STConfiguration.swift in Sources */ = {isa = PBXBuildFile; fileRef = 965333201C391F0C00F5CF57 /* STConfiguration.swift */; };
		965333231C395C2400F5CF57 /* STUIColorExtension.swift in Sources */ = {isa = PBXBuildFile; fileRef = 965333221C395C2400F5CF57 /* STUIColorExtension.swift */; };
/* End PBXBuildFile section */

/* Begin PBXContainerItemProxy section */
		965333011C391D0B00F5CF57 /* PBXContainerItemProxy */ = {
			isa = PBXContainerItemProxy;
			containerPortal = 965332E41C391D0B00F5CF57 /* Project object */;
			proxyType = 1;
			remoteGlobalIDString = 965332EB1C391D0B00F5CF57;
			remoteInfo = STSubmitButton;
		};
		9653330C1C391D0B00F5CF57 /* PBXContainerItemProxy */ = {
			isa = PBXContainerItemProxy;
			containerPortal = 965332E41C391D0B00F5CF57 /* Project object */;
			proxyType = 1;
			remoteGlobalIDString = 965332EB1C391D0B00F5CF57;
			remoteInfo = STSubmitButton;
		};
/* End PBXContainerItemProxy section */

/* Begin PBXFileReference section */
		965332EC1C391D0B00F5CF57 /* STSubmitButton.app */ = {isa = PBXFileReference; explicitFileType = wrapper.application; includeInIndex = 0; path = STSubmitButton.app; sourceTree = BUILT_PRODUCTS_DIR; };
		965332EF1C391D0B00F5CF57 /* AppDelegate.swift */ = {isa = PBXFileReference; lastKnownFileType = sourcecode.swift; path = AppDelegate.swift; sourceTree = "<group>"; };
		965332F11C391D0B00F5CF57 /* ViewController.swift */ = {isa = PBXFileReference; lastKnownFileType = sourcecode.swift; path = ViewController.swift; sourceTree = "<group>"; };
		965332F41C391D0B00F5CF57 /* Base */ = {isa = PBXFileReference; lastKnownFileType = file.storyboard; name = Base; path = Base.lproj/Main.storyboard; sourceTree = "<group>"; };
		965332F61C391D0B00F5CF57 /* Assets.xcassets */ = {isa = PBXFileReference; lastKnownFileType = folder.assetcatalog; path = Assets.xcassets; sourceTree = "<group>"; };
		965332F91C391D0B00F5CF57 /* Base */ = {isa = PBXFileReference; lastKnownFileType = file.storyboard; name = Base; path = Base.lproj/LaunchScreen.storyboard; sourceTree = "<group>"; };
		965332FB1C391D0B00F5CF57 /* Info.plist */ = {isa = PBXFileReference; lastKnownFileType = text.plist.xml; path = Info.plist; sourceTree = "<group>"; };
		965333001C391D0B00F5CF57 /* STSubmitButtonTests.xctest */ = {isa = PBXFileReference; explicitFileType = wrapper.cfbundle; includeInIndex = 0; path = STSubmitButtonTests.xctest; sourceTree = BUILT_PRODUCTS_DIR; };
		965333041C391D0B00F5CF57 /* STSubmitButtonTests.swift */ = {isa = PBXFileReference; lastKnownFileType = sourcecode.swift; path = STSubmitButtonTests.swift; sourceTree = "<group>"; };
		965333061C391D0B00F5CF57 /* Info.plist */ = {isa = PBXFileReference; lastKnownFileType = text.plist.xml; path = Info.plist; sourceTree = "<group>"; };
		9653330B1C391D0B00F5CF57 /* STSubmitButtonUITests.xctest */ = {isa = PBXFileReference; explicitFileType = wrapper.cfbundle; includeInIndex = 0; path = STSubmitButtonUITests.xctest; sourceTree = BUILT_PRODUCTS_DIR; };
		9653330F1C391D0B00F5CF57 /* STSubmitButtonUITests.swift */ = {isa = PBXFileReference; lastKnownFileType = sourcecode.swift; path = STSubmitButtonUITests.swift; sourceTree = "<group>"; };
		965333111C391D0B00F5CF57 /* Info.plist */ = {isa = PBXFileReference; lastKnownFileType = text.plist.xml; path = Info.plist; sourceTree = "<group>"; };
		9653331E1C391EAB00F5CF57 /* STSubmitButton.swift */ = {isa = PBXFileReference; fileEncoding = 4; lastKnownFileType = sourcecode.swift; path = STSubmitButton.swift; sourceTree = "<group>"; };
		965333201C391F0C00F5CF57 /* STConfiguration.swift */ = {isa = PBXFileReference; fileEncoding = 4; lastKnownFileType = sourcecode.swift; path = STConfiguration.swift; sourceTree = "<group>"; };
		965333221C395C2400F5CF57 /* STUIColorExtension.swift */ = {isa = PBXFileReference; fileEncoding = 4; lastKnownFileType = sourcecode.swift; path = STUIColorExtension.swift; sourceTree = "<group>"; };
/* End PBXFileReference section */

/* Begin PBXFrameworksBuildPhase section */
		965332E91C391D0B00F5CF57 /* Frameworks */ = {
			isa = PBXFrameworksBuildPhase;
			buildActionMask = 2147483647;
			files = (
			);
			runOnlyForDeploymentPostprocessing = 0;
		};
		965332FD1C391D0B00F5CF57 /* Frameworks */ = {
			isa = PBXFrameworksBuildPhase;
			buildActionMask = 2147483647;
			files = (
			);
			runOnlyForDeploymentPostprocessing = 0;
		};
		965333081C391D0B00F5CF57 /* Frameworks */ = {
			isa = PBXFrameworksBuildPhase;
			buildActionMask = 2147483647;
			files = (
			);
			runOnlyForDeploymentPostprocessing = 0;
		};
/* End PBXFrameworksBuildPhase section */

/* Begin PBXGroup section */
		965332E31C391D0B00F5CF57 = {
			isa = PBXGroup;
			children = (
				965332EE1C391D0B00F5CF57 /* STSubmitButton */,
				965333031C391D0B00F5CF57 /* STSubmitButtonTests */,
				9653330E1C391D0B00F5CF57 /* STSubmitButtonUITests */,
				965332ED1C391D0B00F5CF57 /* Products */,
			);
			sourceTree = "<group>";
		};
		965332ED1C391D0B00F5CF57 /* Products */ = {
			isa = PBXGroup;
			children = (
				965332EC1C391D0B00F5CF57 /* STSubmitButton.app */,
				965333001C391D0B00F5CF57 /* STSubmitButtonTests.xctest */,
				9653330B1C391D0B00F5CF57 /* STSubmitButtonUITests.xctest */,
			);
			name = Products;
			sourceTree = "<group>";
		};
		965332EE1C391D0B00F5CF57 /* STSubmitButton */ = {
			isa = PBXGroup;
			children = (
				9653331D1C391E8500F5CF57 /* STSubmitButton */,
				965332EF1C391D0B00F5CF57 /* AppDelegate.swift */,
				965332F11C391D0B00F5CF57 /* ViewController.swift */,
				965332F31C391D0B00F5CF57 /* Main.storyboard */,
				965332F61C391D0B00F5CF57 /* Assets.xcassets */,
				965332F81C391D0B00F5CF57 /* LaunchScreen.storyboard */,
				965332FB1C391D0B00F5CF57 /* Info.plist */,
			);
			path = STSubmitButton;
			sourceTree = "<group>";
		};
		965333031C391D0B00F5CF57 /* STSubmitButtonTests */ = {
			isa = PBXGroup;
			children = (
				965333041C391D0B00F5CF57 /* STSubmitButtonTests.swift */,
				965333061C391D0B00F5CF57 /* Info.plist */,
			);
			path = STSubmitButtonTests;
			sourceTree = "<group>";
		};
		9653330E1C391D0B00F5CF57 /* STSubmitButtonUITests */ = {
			isa = PBXGroup;
			children = (
				9653330F1C391D0B00F5CF57 /* STSubmitButtonUITests.swift */,
				965333111C391D0B00F5CF57 /* Info.plist */,
			);
			path = STSubmitButtonUITests;
			sourceTree = "<group>";
		};
		9653331D1C391E8500F5CF57 /* STSubmitButton */ = {
			isa = PBXGroup;
			children = (
				9653331E1C391EAB00F5CF57 /* STSubmitButton.swift */,
				965333201C391F0C00F5CF57 /* STConfiguration.swift */,
				965333221C395C2400F5CF57 /* STUIColorExtension.swift */,
			);
			path = STSubmitButton;
			sourceTree = "<group>";
		};
/* End PBXGroup section */

/* Begin PBXNativeTarget section */
		965332EB1C391D0B00F5CF57 /* STSubmitButton */ = {
			isa = PBXNativeTarget;
			buildConfigurationList = 965333141C391D0B00F5CF57 /* Build configuration list for PBXNativeTarget "STSubmitButton" */;
			buildPhases = (
				965332E81C391D0B00F5CF57 /* Sources */,
				965332E91C391D0B00F5CF57 /* Frameworks */,
				965332EA1C391D0B00F5CF57 /* Resources */,
			);
			buildRules = (
			);
			dependencies = (
			);
			name = STSubmitButton;
			productName = STSubmitButton;
			productReference = 965332EC1C391D0B00F5CF57 /* STSubmitButton.app */;
			productType = "com.apple.product-type.application";
		};
		965332FF1C391D0B00F5CF57 /* STSubmitButtonTests */ = {
			isa = PBXNativeTarget;
			buildConfigurationList = 965333171C391D0B00F5CF57 /* Build configuration list for PBXNativeTarget "STSubmitButtonTests" */;
			buildPhases = (
				965332FC1C391D0B00F5CF57 /* Sources */,
				965332FD1C391D0B00F5CF57 /* Frameworks */,
				965332FE1C391D0B00F5CF57 /* Resources */,
			);
			buildRules = (
			);
			dependencies = (
				965333021C391D0B00F5CF57 /* PBXTargetDependency */,
			);
			name = STSubmitButtonTests;
			productName = STSubmitButtonTests;
			productReference = 965333001C391D0B00F5CF57 /* STSubmitButtonTests.xctest */;
			productType = "com.apple.product-type.bundle.unit-test";
		};
		9653330A1C391D0B00F5CF57 /* STSubmitButtonUITests */ = {
			isa = PBXNativeTarget;
			buildConfigurationList = 9653331A1C391D0B00F5CF57 /* Build configuration list for PBXNativeTarget "STSubmitButtonUITests" */;
			buildPhases = (
				965333071C391D0B00F5CF57 /* Sources */,
				965333081C391D0B00F5CF57 /* Frameworks */,
				965333091C391D0B00F5CF57 /* Resources */,
			);
			buildRules = (
			);
			dependencies = (
				9653330D1C391D0B00F5CF57 /* PBXTargetDependency */,
			);
			name = STSubmitButtonUITests;
			productName = STSubmitButtonUITests;
			productReference = 9653330B1C391D0B00F5CF57 /* STSubmitButtonUITests.xctest */;
			productType = "com.apple.product-type.bundle.ui-testing";
		};
/* End PBXNativeTarget section */

/* Begin PBXProject section */
		965332E41C391D0B00F5CF57 /* Project object */ = {
			isa = PBXProject;
			attributes = {
				LastSwiftUpdateCheck = 0720;
				LastUpgradeCheck = 0720;
				ORGANIZATIONNAME = tangjr;
				TargetAttributes = {
					965332EB1C391D0B00F5CF57 = {
						CreatedOnToolsVersion = 7.2;
					};
					965332FF1C391D0B00F5CF57 = {
						CreatedOnToolsVersion = 7.2;
						TestTargetID = 965332EB1C391D0B00F5CF57;
					};
					9653330A1C391D0B00F5CF57 = {
						CreatedOnToolsVersion = 7.2;
						TestTargetID = 965332EB1C391D0B00F5CF57;
					};
				};
			};
			buildConfigurationList = 965332E71C391D0B00F5CF57 /* Build configuration list for PBXProject "STSubmitButton" */;
			compatibilityVersion = "Xcode 3.2";
			developmentRegion = English;
			hasScannedForEncodings = 0;
			knownRegions = (
				en,
				Base,
			);
			mainGroup = 965332E31C391D0B00F5CF57;
			productRefGroup = 965332ED1C391D0B00F5CF57 /* Products */;
			projectDirPath = "";
			projectRoot = "";
			targets = (
				965332EB1C391D0B00F5CF57 /* STSubmitButton */,
				965332FF1C391D0B00F5CF57 /* STSubmitButtonTests */,
				9653330A1C391D0B00F5CF57 /* STSubmitButtonUITests */,
			);
		};
/* End PBXProject section */

/* Begin PBXResourcesBuildPhase section */
		965332EA1C391D0B00F5CF57 /* Resources */ = {
			isa = PBXResourcesBuildPhase;
			buildActionMask = 2147483647;
			files = (
				965332FA1C391D0B00F5CF57 /* LaunchScreen.storyboard in Resources */,
				965332F71C391D0B00F5CF57 /* Assets.xcassets in Resources */,
				965332F51C391D0B00F5CF57 /* Main.storyboard in Resources */,
			);
			runOnlyForDeploymentPostprocessing = 0;
		};
		965332FE1C391D0B00F5CF57 /* Resources */ = {
			isa = PBXResourcesBuildPhase;
			buildActionMask = 2147483647;
			files = (
			);
			runOnlyForDeploymentPostprocessing = 0;
		};
		965333091C391D0B00F5CF57 /* Resources */ = {
			isa = PBXResourcesBuildPhase;
			buildActionMask = 2147483647;
			files = (
			);
			runOnlyForDeploymentPostprocessing = 0;
		};
/* End PBXResourcesBuildPhase section */

/* Begin PBXSourcesBuildPhase section */
		965332E81C391D0B00F5CF57 /* Sources */ = {
			isa = PBXSourcesBuildPhase;
			buildActionMask = 2147483647;
			files = (
				9653331F1C391EAB00F5CF57 /* STSubmitButton.swift in Sources */,
				965332F21C391D0B00F5CF57 /* ViewController.swift in Sources */,
				965332F01C391D0B00F5CF57 /* AppDelegate.swift in Sources */,
				965333211C391F0C00F5CF57 /* STConfiguration.swift in Sources */,
				965333231C395C2400F5CF57 /* STUIColorExtension.swift in Sources */,
			);
			runOnlyForDeploymentPostprocessing = 0;
		};
		965332FC1C391D0B00F5CF57 /* Sources */ = {
			isa = PBXSourcesBuildPhase;
			buildActionMask = 2147483647;
			files = (
				965333051C391D0B00F5CF57 /* STSubmitButtonTests.swift in Sources */,
			);
			runOnlyForDeploymentPostprocessing = 0;
		};
		965333071C391D0B00F5CF57 /* Sources */ = {
			isa = PBXSourcesBuildPhase;
			buildActionMask = 2147483647;
			files = (
				965333101C391D0B00F5CF57 /* STSubmitButtonUITests.swift in Sources */,
			);
			runOnlyForDeploymentPostprocessing = 0;
		};
/* End PBXSourcesBuildPhase section */

/* Begin PBXTargetDependency section */
		965333021C391D0B00F5CF57 /* PBXTargetDependency */ = {
			isa = PBXTargetDependency;
			target = 965332EB1C391D0B00F5CF57 /* STSubmitButton */;
			targetProxy = 965333011C391D0B00F5CF57 /* PBXContainerItemProxy */;
		};
		9653330D1C391D0B00F5CF57 /* PBXTargetDependency */ = {
			isa = PBXTargetDependency;
			target = 965332EB1C391D0B00F5CF57 /* STSubmitButton */;
			targetProxy = 9653330C1C391D0B00F5CF57 /* PBXContainerItemProxy */;
		};
/* End PBXTargetDependency section */

/* Begin PBXVariantGroup section */
		965332F31C391D0B00F5CF57 /* Main.storyboard */ = {
			isa = PBXVariantGroup;
			children = (
				965332F41C391D0B00F5CF57 /* Base */,
			);
			name = Main.storyboard;
			sourceTree = "<group>";
		};
		965332F81C391D0B00F5CF57 /* LaunchScreen.storyboard */ = {
			isa = PBXVariantGroup;
			children = (
				965332F91C391D0B00F5CF57 /* Base */,
			);
			name = LaunchScreen.storyboard;
			sourceTree = "<group>";
		};
/* End PBXVariantGroup section */

/* Begin XCBuildConfiguration section */
		965333121C391D0B00F5CF57 /* Debug */ = {
			isa = XCBuildConfiguration;
			buildSettings = {
				ALWAYS_SEARCH_USER_PATHS = NO;
				CLANG_CXX_LANGUAGE_STANDARD = "gnu++0x";
				CLANG_CXX_LIBRARY = "libc++";
				CLANG_ENABLE_MODULES = YES;
				CLANG_ENABLE_OBJC_ARC = YES;
				CLANG_WARN_BOOL_CONVERSION = YES;
				CLANG_WARN_CONSTANT_CONVERSION = YES;
				CLANG_WARN_DIRECT_OBJC_ISA_USAGE = YES_ERROR;
				CLANG_WARN_EMPTY_BODY = YES;
				CLANG_WARN_ENUM_CONVERSION = YES;
				CLANG_WARN_INT_CONVERSION = YES;
				CLANG_WARN_OBJC_ROOT_CLASS = YES_ERROR;
				CLANG_WARN_UNREACHABLE_CODE = YES;
				CLANG_WARN__DUPLICATE_METHOD_MATCH = YES;
				"CODE_SIGN_IDENTITY[sdk=iphoneos*]" = "iPhone Developer";
				COPY_PHASE_STRIP = NO;
				DEBUG_INFORMATION_FORMAT = dwarf;
				ENABLE_STRICT_OBJC_MSGSEND = YES;
				ENABLE_TESTABILITY = YES;
				GCC_C_LANGUAGE_STANDARD = gnu99;
				GCC_DYNAMIC_NO_PIC = NO;
				GCC_NO_COMMON_BLOCKS = YES;
				GCC_OPTIMIZATION_LEVEL = 0;
				GCC_PREPROCESSOR_DEFINITIONS = (
					"DEBUG=1",
					"$(inherited)",
				);
				GCC_WARN_64_TO_32_BIT_CONVERSION = YES;
				GCC_WARN_ABOUT_RETURN_TYPE = YES_ERROR;
				GCC_WARN_UNDECLARED_SELECTOR = YES;
				GCC_WARN_UNINITIALIZED_AUTOS = YES_AGGRESSIVE;
				GCC_WARN_UNUSED_FUNCTION = YES;
				GCC_WARN_UNUSED_VARIABLE = YES;
				IPHONEOS_DEPLOYMENT_TARGET = 9.2;
				MTL_ENABLE_DEBUG_INFO = YES;
				ONLY_ACTIVE_ARCH = YES;
				SDKROOT = iphoneos;
				SWIFT_OPTIMIZATION_LEVEL = "-Onone";
				TARGETED_DEVICE_FAMILY = "1,2";
			};
			name = Debug;
		};
		965333131C391D0B00F5CF57 /* Release */ = {
			isa = XCBuildConfiguration;
			buildSettings = {
				ALWAYS_SEARCH_USER_PATHS = NO;
				CLANG_CXX_LANGUAGE_STANDARD = "gnu++0x";
				CLANG_CXX_LIBRARY = "libc++";
				CLANG_ENABLE_MODULES = YES;
				CLANG_ENABLE_OBJC_ARC = YES;
				CLANG_WARN_BOOL_CONVERSION = YES;
				CLANG_WARN_CONSTANT_CONVERSION = YES;
				CLANG_WARN_DIRECT_OBJC_ISA_USAGE = YES_ERROR;
				CLANG_WARN_EMPTY_BODY = YES;
				CLANG_WARN_ENUM_CONVERSION = YES;
				CLANG_WARN_INT_CONVERSION = YES;
				CLANG_WARN_OBJC_ROOT_CLASS = YES_ERROR;
				CLANG_WARN_UNREACHABLE_CODE = YES;
				CLANG_WARN__DUPLICATE_METHOD_MATCH = YES;
				"CODE_SIGN_IDENTITY[sdk=iphoneos*]" = "iPhone Developer";
				COPY_PHASE_STRIP = NO;
				DEBUG_INFORMATION_FORMAT = "dwarf-with-dsym";
				ENABLE_NS_ASSERTIONS = NO;
				ENABLE_STRICT_OBJC_MSGSEND = YES;
				GCC_C_LANGUAGE_STANDARD = gnu99;
				GCC_NO_COMMON_BLOCKS = YES;
				GCC_WARN_64_TO_32_BIT_CONVERSION = YES;
				GCC_WARN_ABOUT_RETURN_TYPE = YES_ERROR;
				GCC_WARN_UNDECLARED_SELECTOR = YES;
				GCC_WARN_UNINITIALIZED_AUTOS = YES_AGGRESSIVE;
				GCC_WARN_UNUSED_FUNCTION = YES;
				GCC_WARN_UNUSED_VARIABLE = YES;
				IPHONEOS_DEPLOYMENT_TARGET = 9.2;
				MTL_ENABLE_DEBUG_INFO = NO;
				SDKROOT = iphoneos;
				TARGETED_DEVICE_FAMILY = "1,2";
				VALIDATE_PRODUCT = YES;
			};
			name = Release;
		};
		965333151C391D0B00F5CF57 /* Debug */ = {
			isa = XCBuildConfiguration;
			buildSettings = {
				ASSETCATALOG_COMPILER_APPICON_NAME = AppIcon;
				INFOPLIST_FILE = STSubmitButton/Info.plist;
				LD_RUNPATH_SEARCH_PATHS = "$(inherited) @executable_path/Frameworks";
				PRODUCT_BUNDLE_IDENTIFIER = com.saitjr.STSubmitButton;
				PRODUCT_NAME = "$(TARGET_NAME)";
			};
			name = Debug;
		};
		965333161C391D0B00F5CF57 /* Release */ = {
			isa = XCBuildConfiguration;
			buildSettings = {
				ASSETCATALOG_COMPILER_APPICON_NAME = AppIcon;
				INFOPLIST_FILE = STSubmitButton/Info.plist;
				LD_RUNPATH_SEARCH_PATHS = "$(inherited) @executable_path/Frameworks";
				PRODUCT_BUNDLE_IDENTIFIER = com.saitjr.STSubmitButton;
				PRODUCT_NAME = "$(TARGET_NAME)";
			};
			name = Release;
		};
		965333181C391D0B00F5CF57 /* Debug */ = {
			isa = XCBuildConfiguration;
			buildSettings = {
				BUNDLE_LOADER = "$(TEST_HOST)";
				INFOPLIST_FILE = STSubmitButtonTests/Info.plist;
				LD_RUNPATH_SEARCH_PATHS = "$(inherited) @executable_path/Frameworks @loader_path/Frameworks";
				PRODUCT_BUNDLE_IDENTIFIER = com.saitjr.STSubmitButtonTests;
				PRODUCT_NAME = "$(TARGET_NAME)";
				TEST_HOST = "$(BUILT_PRODUCTS_DIR)/STSubmitButton.app/STSubmitButton";
			};
			name = Debug;
		};
		965333191C391D0B00F5CF57 /* Release */ = {
			isa = XCBuildConfiguration;
			buildSettings = {
				BUNDLE_LOADER = "$(TEST_HOST)";
				INFOPLIST_FILE = STSubmitButtonTests/Info.plist;
				LD_RUNPATH_SEARCH_PATHS = "$(inherited) @executable_path/Frameworks @loader_path/Frameworks";
				PRODUCT_BUNDLE_IDENTIFIER = com.saitjr.STSubmitButtonTests;
				PRODUCT_NAME = "$(TARGET_NAME)";
				TEST_HOST = "$(BUILT_PRODUCTS_DIR)/STSubmitButton.app/STSubmitButton";
			};
			name = Release;
		};
		9653331B1C391D0B00F5CF57 /* Debug */ = {
			isa = XCBuildConfiguration;
			buildSettings = {
				INFOPLIST_FILE = STSubmitButtonUITests/Info.plist;
				LD_RUNPATH_SEARCH_PATHS = "$(inherited) @executable_path/Frameworks @loader_path/Frameworks";
				PRODUCT_BUNDLE_IDENTIFIER = com.saitjr.STSubmitButtonUITests;
				PRODUCT_NAME = "$(TARGET_NAME)";
				TEST_TARGET_NAME = STSubmitButton;
				USES_XCTRUNNER = YES;
			};
			name = Debug;
		};
		9653331C1C391D0B00F5CF57 /* Release */ = {
			isa = XCBuildConfiguration;
			buildSettings = {
				INFOPLIST_FILE = STSubmitButtonUITests/Info.plist;
				LD_RUNPATH_SEARCH_PATHS = "$(inherited) @executable_path/Frameworks @loader_path/Frameworks";
				PRODUCT_BUNDLE_IDENTIFIER = com.saitjr.STSubmitButtonUITests;
				PRODUCT_NAME = "$(TARGET_NAME)";
				TEST_TARGET_NAME = STSubmitButton;
				USES_XCTRUNNER = YES;
			};
			name = Release;
		};
/* End XCBuildConfiguration section */

/* Begin XCConfigurationList section */
		965332E71C391D0B00F5CF57 /* Build configuration list for PBXProject "STSubmitButton" */ = {
			isa = XCConfigurationList;
			buildConfigurations = (
				965333121C391D0B00F5CF57 /* Debug */,
				965333131C391D0B00F5CF57 /* Release */,
			);
			defaultConfigurationIsVisible = 0;
			defaultConfigurationName = Release;
		};
		965333141C391D0B00F5CF57 /* Build configuration list for PBXNativeTarget "STSubmitButton" */ = {
			isa = XCConfigurationList;
			buildConfigurations = (
				965333151C391D0B00F5CF57 /* Debug */,
				965333161C391D0B00F5CF57 /* Release */,
			);
			defaultConfigurationIsVisible = 0;
		};
		965333171C391D0B00F5CF57 /* Build configuration list for PBXNativeTarget "STSubmitButtonTests" */ = {
			isa = XCConfigurationList;
			buildConfigurations = (
				965333181C391D0B00F5CF57 /* Debug */,
				965333191C391D0B00F5CF57 /* Release */,
			);
			defaultConfigurationIsVisible = 0;
		};
		9653331A1C391D0B00F5CF57 /* Build configuration list for PBXNativeTarget "STSubmitButtonUITests" */ = {
			isa = XCConfigurationList;
			buildConfigurations = (
				9653331B1C391D0B00F5CF57 /* Debug */,
				9653331C1C391D0B00F5CF57 /* Release */,
			);
			defaultConfigurationIsVisible = 0;
		};
/* End XCConfigurationList section */
	};
	rootObject = 965332E41C391D0B00F5CF57 /* Project object */;
}
