// !$*UTF8*$!
{
	archiveVersion = 1;
	classes = {
	};
	objectVersion = 46;
	objects = {

/* Begin PBXBuildFile section */
		965333A61C397A0E00F5CF57 /* AppDelegate.swift in Sources */ = {isa = PBXBuildFile; fileRef = 965333A51C397A0E00F5CF57 /* AppDelegate.swift */; };
		965333A81C397A0E00F5CF57 /* ViewController.swift in Sources */ = {isa = PBXBuildFile; fileRef = 965333A71C397A0E00F5CF57 /* ViewController.swift */; };
		965333AB1C397A0E00F5CF57 /* Main.storyboard in Resources */ = {isa = PBXBuildFile; fileRef = 965333A91C397A0E00F5CF57 /* Main.storyboard */; };
		965333AD1C397A0E00F5CF57 /* Assets.xcassets in Resources */ = {isa = PBXBuildFile; fileRef = 965333AC1C397A0E00F5CF57 /* Assets.xcassets */; };
		965333B01C397A0E00F5CF57 /* LaunchScreen.storyboard in Resources */ = {isa = PBXBuildFile; fileRef = 965333AE1C397A0E00F5CF57 /* LaunchScreen.storyboard */; };
		965333BB1C397A0E00F5CF57 /* STCycleLoadView_ZhiHuTests.swift in Sources */ = {isa = PBXBuildFile; fileRef = 965333BA1C397A0E00F5CF57 /* STCycleLoadView_ZhiHuTests.swift */; };
		965333C61C397A0E00F5CF57 /* STCycleLoadView_ZhiHuUITests.swift in Sources */ = {isa = PBXBuildFile; fileRef = 965333C51C397A0E00F5CF57 /* STCycleLoadView_ZhiHuUITests.swift */; };
		965333D51C397A2A00F5CF57 /* STCycleLoadView.swift in Sources */ = {isa = PBXBuildFile; fileRef = 965333D41C397A2A00F5CF57 /* STCycleLoadView.swift */; };
		965333D71C397BCF00F5CF57 /* STConfiguration.swift in Sources */ = {isa = PBXBuildFile; fileRef = 965333D61C397BCF00F5CF57 /* STConfiguration.swift */; };
/* End PBXBuildFile section */

/* Begin PBXContainerItemProxy section */
		965333B71C397A0E00F5CF57 /* PBXContainerItemProxy */ = {
			isa = PBXContainerItemProxy;
			containerPortal = 9653339A1C397A0E00F5CF57 /* Project object */;
			proxyType = 1;
			remoteGlobalIDString = 965333A11C397A0E00F5CF57;
			remoteInfo = "STCycleLoadView-ZhiHu";
		};
		965333C21C397A0E00F5CF57 /* PBXContainerItemProxy */ = {
			isa = PBXContainerItemProxy;
			containerPortal = 9653339A1C397A0E00F5CF57 /* Project object */;
			proxyType = 1;
			remoteGlobalIDString = 965333A11C397A0E00F5CF57;
			remoteInfo = "STCycleLoadView-ZhiHu";
		};
/* End PBXContainerItemProxy section */

/* Begin PBXFileReference section */
		965333A21C397A0E00F5CF57 /* STCycleLoadView-ZhiHu.app */ = {isa = PBXFileReference; explicitFileType = wrapper.application; includeInIndex = 0; path = "STCycleLoadView-ZhiHu.app"; sourceTree = BUILT_PRODUCTS_DIR; };
		965333A51C397A0E00F5CF57 /* AppDelegate.swift */ = {isa = PBXFileReference; lastKnownFileType = sourcecode.swift; path = AppDelegate.swift; sourceTree = "<group>"; };
		965333A71C397A0E00F5CF57 /* ViewController.swift */ = {isa = PBXFileReference; lastKnownFileType = sourcecode.swift; path = ViewController.swift; sourceTree = "<group>"; };
		965333AA1C397A0E00F5CF57 /* Base */ = {isa = PBXFileReference; lastKnownFileType = file.storyboard; name = Base; path = Base.lproj/Main.storyboard; sourceTree = "<group>"; };
		965333AC1C397A0E00F5CF57 /* Assets.xcassets */ = {isa = PBXFileReference; lastKnownFileType = folder.assetcatalog; path = Assets.xcassets; sourceTree = "<group>"; };
		965333AF1C397A0E00F5CF57 /* Base */ = {isa = PBXFileReference; lastKnownFileType = file.storyboard; name = Base; path = Base.lproj/LaunchScreen.storyboard; sourceTree = "<group>"; };
		965333B11C397A0E00F5CF57 /* Info.plist */ = {isa = PBXFileReference; lastKnownFileType = text.plist.xml; path = Info.plist; sourceTree = "<group>"; };
		965333B61C397A0E00F5CF57 /* STCycleLoadView-ZhiHuTests.xctest */ = {isa = PBXFileReference; explicitFileType = wrapper.cfbundle; includeInIndex = 0; path = "STCycleLoadView-ZhiHuTests.xctest"; sourceTree = BUILT_PRODUCTS_DIR; };
		965333BA1C397A0E00F5CF57 /* STCycleLoadView_ZhiHuTests.swift */ = {isa = PBXFileReference; lastKnownFileType = sourcecode.swift; path = STCycleLoadView_ZhiHuTests.swift; sourceTree = "<group>"; };
		965333BC1C397A0E00F5CF57 /* Info.plist */ = {isa = PBXFileReference; lastKnownFileType = text.plist.xml; path = Info.plist; sourceTree = "<group>"; };
		965333C11C397A0E00F5CF57 /* STCycleLoadView-ZhiHuUITests.xctest */ = {isa = PBXFileReference; explicitFileType = wrapper.cfbundle; includeInIndex = 0; path = "STCycleLoadView-ZhiHuUITests.xctest"; sourceTree = BUILT_PRODUCTS_DIR; };
		965333C51C397A0E00F5CF57 /* STCycleLoadView_ZhiHuUITests.swift */ = {isa = PBXFileReference; lastKnownFileType = sourcecode.swift; path = STCycleLoadView_ZhiHuUITests.swift; sourceTree = "<group>"; };
		965333C71C397A0E00F5CF57 /* Info.plist */ = {isa = PBXFileReference; lastKnownFileType = text.plist.xml; path = Info.plist; sourceTree = "<group>"; };
		965333D41C397A2A00F5CF57 /* STCycleLoadView.swift */ = {isa = PBXFileReference; fileEncoding = 4; lastKnownFileType = sourcecode.swift; path = STCycleLoadView.swift; sourceTree = "<group>"; };
		965333D61C397BCF00F5CF57 /* STConfiguration.swift */ = {isa = PBXFileReference; fileEncoding = 4; lastKnownFileType = sourcecode.swift; path = STConfiguration.swift; sourceTree = "<group>"; };
/* End PBXFileReference section */

/* Begin PBXFrameworksBuildPhase section */
		9653339F1C397A0E00F5CF57 /* Frameworks */ = {
			isa = PBXFrameworksBuildPhase;
			buildActionMask = 2147483647;
			files = (
			);
			runOnlyForDeploymentPostprocessing = 0;
		};
		965333B31C397A0E00F5CF57 /* Frameworks */ = {
			isa = PBXFrameworksBuildPhase;
			buildActionMask = 2147483647;
			files = (
			);
			runOnlyForDeploymentPostprocessing = 0;
		};
		965333BE1C397A0E00F5CF57 /* Frameworks */ = {
			isa = PBXFrameworksBuildPhase;
			buildActionMask = 2147483647;
			files = (
			);
			runOnlyForDeploymentPostprocessing = 0;
		};
/* End PBXFrameworksBuildPhase section */

/* Begin PBXGroup section */
		965333991C397A0E00F5CF57 = {
			isa = PBXGroup;
			children = (
				965333A41C397A0E00F5CF57 /* STCycleLoadView-ZhiHu */,
				965333B91C397A0E00F5CF57 /* STCycleLoadView-ZhiHuTests */,
				965333C41C397A0E00F5CF57 /* STCycleLoadView-ZhiHuUITests */,
				965333A31C397A0E00F5CF57 /* Products */,
			);
			sourceTree = "<group>";
		};
		965333A31C397A0E00F5CF57 /* Products */ = {
			isa = PBXGroup;
			children = (
				965333A21C397A0E00F5CF57 /* STCycleLoadView-ZhiHu.app */,
				965333B61C397A0E00F5CF57 /* STCycleLoadView-ZhiHuTests.xctest */,
				965333C11C397A0E00F5CF57 /* STCycleLoadView-ZhiHuUITests.xctest */,
			);
			name = Products;
			sourceTree = "<group>";
		};
		965333A41C397A0E00F5CF57 /* STCycleLoadView-ZhiHu */ = {
			isa = PBXGroup;
			children = (
				965333D31C397A1D00F5CF57 /* STCycleLoadView */,
				965333A51C397A0E00F5CF57 /* AppDelegate.swift */,
				965333A71C397A0E00F5CF57 /* ViewController.swift */,
				965333A91C397A0E00F5CF57 /* Main.storyboard */,
				965333AC1C397A0E00F5CF57 /* Assets.xcassets */,
				965333AE1C397A0E00F5CF57 /* LaunchScreen.storyboard */,
				965333B11C397A0E00F5CF57 /* Info.plist */,
			);
			path = "STCycleLoadView-ZhiHu";
			sourceTree = "<group>";
		};
		965333B91C397A0E00F5CF57 /* STCycleLoadView-ZhiHuTests */ = {
			isa = PBXGroup;
			children = (
				965333BA1C397A0E00F5CF57 /* STCycleLoadView_ZhiHuTests.swift */,
				965333BC1C397A0E00F5CF57 /* Info.plist */,
			);
			path = "STCycleLoadView-ZhiHuTests";
			sourceTree = "<group>";
		};
		965333C41C397A0E00F5CF57 /* STCycleLoadView-ZhiHuUITests */ = {
			isa = PBXGroup;
			children = (
				965333C51C397A0E00F5CF57 /* STCycleLoadView_ZhiHuUITests.swift */,
				965333C71C397A0E00F5CF57 /* Info.plist */,
			);
			path = "STCycleLoadView-ZhiHuUITests";
			sourceTree = "<group>";
		};
		965333D31C397A1D00F5CF57 /* STCycleLoadView */ = {
			isa = PBXGroup;
			children = (
				965333D41C397A2A00F5CF57 /* STCycleLoadView.swift */,
				965333D61C397BCF00F5CF57 /* STConfiguration.swift */,
			);
			path = STCycleLoadView;
			sourceTree = "<group>";
		};
/* End PBXGroup section */

/* Begin PBXNativeTarget section */
		965333A11C397A0E00F5CF57 /* STCycleLoadView-ZhiHu */ = {
			isa = PBXNativeTarget;
			buildConfigurationList = 965333CA1C397A0E00F5CF57 /* Build configuration list for PBXNativeTarget "STCycleLoadView-ZhiHu" */;
			buildPhases = (
				9653339E1C397A0E00F5CF57 /* Sources */,
				9653339F1C397A0E00F5CF57 /* Frameworks */,
				965333A01C397A0E00F5CF57 /* Resources */,
			);
			buildRules = (
			);
			dependencies = (
			);
			name = "STCycleLoadView-ZhiHu";
			productName = "STCycleLoadView-ZhiHu";
			productReference = 965333A21C397A0E00F5CF57 /* STCycleLoadView-ZhiHu.app */;
			productType = "com.apple.product-type.application";
		};
		965333B51C397A0E00F5CF57 /* STCycleLoadView-ZhiHuTests */ = {
			isa = PBXNativeTarget;
			buildConfigurationList = 965333CD1C397A0E00F5CF57 /* Build configuration list for PBXNativeTarget "STCycleLoadView-ZhiHuTests" */;
			buildPhases = (
				965333B21C397A0E00F5CF57 /* Sources */,
				965333B31C397A0E00F5CF57 /* Frameworks */,
				965333B41C397A0E00F5CF57 /* Resources */,
			);
			buildRules = (
			);
			dependencies = (
				965333B81C397A0E00F5CF57 /* PBXTargetDependency */,
			);
			name = "STCycleLoadView-ZhiHuTests";
			productName = "STCycleLoadView-ZhiHuTests";
			productReference = 965333B61C397A0E00F5CF57 /* STCycleLoadView-ZhiHuTests.xctest */;
			productType = "com.apple.product-type.bundle.unit-test";
		};
		965333C01C397A0E00F5CF57 /* STCycleLoadView-ZhiHuUITests */ = {
			isa = PBXNativeTarget;
			buildConfigurationList = 965333D01C397A0E00F5CF57 /* Build configuration list for PBXNativeTarget "STCycleLoadView-ZhiHuUITests" */;
			buildPhases = (
				965333BD1C397A0E00F5CF57 /* Sources */,
				965333BE1C397A0E00F5CF57 /* Frameworks */,
				965333BF1C397A0E00F5CF57 /* Resources */,
			);
			buildRules = (
			);
			dependencies = (
				965333C31C397A0E00F5CF57 /* PBXTargetDependency */,
			);
			name = "STCycleLoadView-ZhiHuUITests";
			productName = "STCycleLoadView-ZhiHuUITests";
			productReference = 965333C11C397A0E00F5CF57 /* STCycleLoadView-ZhiHuUITests.xctest */;
			productType = "com.apple.product-type.bundle.ui-testing";
		};
/* End PBXNativeTarget section */

/* Begin PBXProject section */
		9653339A1C397A0E00F5CF57 /* Project object */ = {
			isa = PBXProject;
			attributes = {
				LastSwiftUpdateCheck = 0720;
				LastUpgradeCheck = 0720;
				ORGANIZATIONNAME = tangjr;
				TargetAttributes = {
					965333A11C397A0E00F5CF57 = {
						CreatedOnToolsVersion = 7.2;
						DevelopmentTeam = C5AXJ4MJB2;
					};
					965333B51C397A0E00F5CF57 = {
						CreatedOnToolsVersion = 7.2;
						TestTargetID = 965333A11C397A0E00F5CF57;
					};
					965333C01C397A0E00F5CF57 = {
						CreatedOnToolsVersion = 7.2;
						TestTargetID = 965333A11C397A0E00F5CF57;
					};
				};
			};
			buildConfigurationList = 9653339D1C397A0E00F5CF57 /* Build configuration list for PBXProject "STCycleLoadView-ZhiHu" */;
			compatibilityVersion = "Xcode 3.2";
			developmentRegion = English;
			hasScannedForEncodings = 0;
			knownRegions = (
				en,
				Base,
			);
			mainGroup = 965333991C397A0E00F5CF57;
			productRefGroup = 965333A31C397A0E00F5CF57 /* Products */;
			projectDirPath = "";
			projectRoot = "";
			targets = (
				965333A11C397A0E00F5CF57 /* STCycleLoadView-ZhiHu */,
				965333B51C397A0E00F5CF57 /* STCycleLoadView-ZhiHuTests */,
				965333C01C397A0E00F5CF57 /* STCycleLoadView-ZhiHuUITests */,
			);
		};
/* End PBXProject section */

/* Begin PBXResourcesBuildPhase section */
		965333A01C397A0E00F5CF57 /* Resources */ = {
			isa = PBXResourcesBuildPhase;
			buildActionMask = 2147483647;
			files = (
				965333B01C397A0E00F5CF57 /* LaunchScreen.storyboard in Resources */,
				965333AD1C397A0E00F5CF57 /* Assets.xcassets in Resources */,
				965333AB1C397A0E00F5CF57 /* Main.storyboard in Resources */,
			);
			runOnlyForDeploymentPostprocessing = 0;
		};
		965333B41C397A0E00F5CF57 /* Resources */ = {
			isa = PBXResourcesBuildPhase;
			buildActionMask = 2147483647;
			files = (
			);
			runOnlyForDeploymentPostprocessing = 0;
		};
		965333BF1C397A0E00F5CF57 /* Resources */ = {
			isa = PBXResourcesBuildPhase;
			buildActionMask = 2147483647;
			files = (
			);
			runOnlyForDeploymentPostprocessing = 0;
		};
/* End PBXResourcesBuildPhase section */

/* Begin PBXSourcesBuildPhase section */
		9653339E1C397A0E00F5CF57 /* Sources */ = {
			isa = PBXSourcesBuildPhase;
			buildActionMask = 2147483647;
			files = (
				965333A81C397A0E00F5CF57 /* ViewController.swift in Sources */,
				965333A61C397A0E00F5CF57 /* AppDelegate.swift in Sources */,
				965333D51C397A2A00F5CF57 /* STCycleLoadView.swift in Sources */,
				965333D71C397BCF00F5CF57 /* STConfiguration.swift in Sources */,
			);
			runOnlyForDeploymentPostprocessing = 0;
		};
		965333B21C397A0E00F5CF57 /* Sources */ = {
			isa = PBXSourcesBuildPhase;
			buildActionMask = 2147483647;
			files = (
				965333BB1C397A0E00F5CF57 /* STCycleLoadView_ZhiHuTests.swift in Sources */,
			);
			runOnlyForDeploymentPostprocessing = 0;
		};
		965333BD1C397A0E00F5CF57 /* Sources */ = {
			isa = PBXSourcesBuildPhase;
			buildActionMask = 2147483647;
			files = (
				965333C61C397A0E00F5CF57 /* STCycleLoadView_ZhiHuUITests.swift in Sources */,
			);
			runOnlyForDeploymentPostprocessing = 0;
		};
/* End PBXSourcesBuildPhase section */

/* Begin PBXTargetDependency section */
		965333B81C397A0E00F5CF57 /* PBXTargetDependency */ = {
			isa = PBXTargetDependency;
			target = 965333A11C397A0E00F5CF57 /* STCycleLoadView-ZhiHu */;
			targetProxy = 965333B71C397A0E00F5CF57 /* PBXContainerItemProxy */;
		};
		965333C31C397A0E00F5CF57 /* PBXTargetDependency */ = {
			isa = PBXTargetDependency;
			target = 965333A11C397A0E00F5CF57 /* STCycleLoadView-ZhiHu */;
			targetProxy = 965333C21C397A0E00F5CF57 /* PBXContainerItemProxy */;
		};
/* End PBXTargetDependency section */

/* Begin PBXVariantGroup section */
		965333A91C397A0E00F5CF57 /* Main.storyboard */ = {
			isa = PBXVariantGroup;
			children = (
				965333AA1C397A0E00F5CF57 /* Base */,
			);
			name = Main.storyboard;
			sourceTree = "<group>";
		};
		965333AE1C397A0E00F5CF57 /* LaunchScreen.storyboard */ = {
			isa = PBXVariantGroup;
			children = (
				965333AF1C397A0E00F5CF57 /* Base */,
			);
			name = LaunchScreen.storyboard;
			sourceTree = "<group>";
		};
/* End PBXVariantGroup section */

/* Begin XCBuildConfiguration section */
		965333C81C397A0E00F5CF57 /* Debug */ = {
			isa = XCBuildConfiguration;
			buildSettings = {
				ALWAYS_SEARCH_USER_PATHS = NO;
				CLANG_CXX_LANGUAGE_STANDARD = "gnu++0x";
				CLANG_CXX_LIBRARY = "libc++";
				CLANG_ENABLE_MODULES = YES;
				CLANG_ENABLE_OBJC_ARC = YES;
				CLANG_WARN_BOOL_CONVERSION = YES;
				CLANG_WARN_CONSTANT_CONVERSION = YES;
				CLANG_WARN_DIRECT_OBJC_ISA_USAGE = YES_ERROR;
				CLANG_WARN_EMPTY_BODY = YES;
				CLANG_WARN_ENUM_CONVERSION = YES;
				CLANG_WARN_INT_CONVERSION = YES;
				CLANG_WARN_OBJC_ROOT_CLASS = YES_ERROR;
				CLANG_WARN_UNREACHABLE_CODE = YES;
				CLANG_WARN__DUPLICATE_METHOD_MATCH = YES;
				"CODE_SIGN_IDENTITY[sdk=iphoneos*]" = "iPhone Developer";
				COPY_PHASE_STRIP = NO;
				DEBUG_INFORMATION_FORMAT = dwarf;
				ENABLE_STRICT_OBJC_MSGSEND = YES;
				ENABLE_TESTABILITY = YES;
				GCC_C_LANGUAGE_STANDARD = gnu99;
				GCC_DYNAMIC_NO_PIC = NO;
				GCC_NO_COMMON_BLOCKS = YES;
				GCC_OPTIMIZATION_LEVEL = 0;
				GCC_PREPROCESSOR_DEFINITIONS = (
					"DEBUG=1",
					"$(inherited)",
				);
				GCC_WARN_64_TO_32_BIT_CONVERSION = YES;
				GCC_WARN_ABOUT_RETURN_TYPE = YES_ERROR;
				GCC_WARN_UNDECLARED_SELECTOR = YES;
				GCC_WARN_UNINITIALIZED_AUTOS = YES_AGGRESSIVE;
				GCC_WARN_UNUSED_FUNCTION = YES;
				GCC_WARN_UNUSED_VARIABLE = YES;
				IPHONEOS_DEPLOYMENT_TARGET = 9.2;
				MTL_ENABLE_DEBUG_INFO = YES;
				ONLY_ACTIVE_ARCH = YES;
				SDKROOT = iphoneos;
				SWIFT_OPTIMIZATION_LEVEL = "-Onone";
				TARGETED_DEVICE_FAMILY = "1,2";
			};
			name = Debug;
		};
		965333C91C397A0E00F5CF57 /* Release */ = {
			isa = XCBuildConfiguration;
			buildSettings = {
				ALWAYS_SEARCH_USER_PATHS = NO;
				CLANG_CXX_LANGUAGE_STANDARD = "gnu++0x";
				CLANG_CXX_LIBRARY = "libc++";
				CLANG_ENABLE_MODULES = YES;
				CLANG_ENABLE_OBJC_ARC = YES;
				CLANG_WARN_BOOL_CONVERSION = YES;
				CLANG_WARN_CONSTANT_CONVERSION = YES;
				CLANG_WARN_DIRECT_OBJC_ISA_USAGE = YES_ERROR;
				CLANG_WARN_EMPTY_BODY = YES;
				CLANG_WARN_ENUM_CONVERSION = YES;
				CLANG_WARN_INT_CONVERSION = YES;
				CLANG_WARN_OBJC_ROOT_CLASS = YES_ERROR;
				CLANG_WARN_UNREACHABLE_CODE = YES;
				CLANG_WARN__DUPLICATE_METHOD_MATCH = YES;
				"CODE_SIGN_IDENTITY[sdk=iphoneos*]" = "iPhone Developer";
				COPY_PHASE_STRIP = NO;
				DEBUG_INFORMATION_FORMAT = "dwarf-with-dsym";
				ENABLE_NS_ASSERTIONS = NO;
				ENABLE_STRICT_OBJC_MSGSEND = YES;
				GCC_C_LANGUAGE_STANDARD = gnu99;
				GCC_NO_COMMON_BLOCKS = YES;
				GCC_WARN_64_TO_32_BIT_CONVERSION = YES;
				GCC_WARN_ABOUT_RETURN_TYPE = YES_ERROR;
				GCC_WARN_UNDECLARED_SELECTOR = YES;
				GCC_WARN_UNINITIALIZED_AUTOS = YES_AGGRESSIVE;
				GCC_WARN_UNUSED_FUNCTION = YES;
				GCC_WARN_UNUSED_VARIABLE = YES;
				IPHONEOS_DEPLOYMENT_TARGET = 9.2;
				MTL_ENABLE_DEBUG_INFO = NO;
				SDKROOT = iphoneos;
				TARGETED_DEVICE_FAMILY = "1,2";
				VALIDATE_PRODUCT = YES;
			};
			name = Release;
		};
		965333CB1C397A0E00F5CF57 /* Debug */ = {
			isa = XCBuildConfiguration;
			buildSettings = {
				ASSETCATALOG_COMPILER_APPICON_NAME = AppIcon;
				CODE_SIGN_IDENTITY = "iPhone Distribution: Shenzhen Heaton Technology Co., Ltd.";
				INFOPLIST_FILE = "STCycleLoadView-ZhiHu/Info.plist";
				IPHONEOS_DEPLOYMENT_TARGET = 9.0;
				LD_RUNPATH_SEARCH_PATHS = "$(inherited) @executable_path/Frameworks";
				PRODUCT_BUNDLE_IDENTIFIER = com.saitjr.zhihu;
				PRODUCT_NAME = "$(TARGET_NAME)";
				PROVISIONING_PROFILE = "a75c1882-b238-4c53-a1db-c189da0f5a50";
			};
			name = Debug;
		};
		965333CC1C397A0E00F5CF57 /* Release */ = {
			isa = XCBuildConfiguration;
			buildSettings = {
				ASSETCATALOG_COMPILER_APPICON_NAME = AppIcon;
				CODE_SIGN_IDENTITY = "iPhone Distribution: Shenzhen Heaton Technology Co., Ltd.";
				INFOPLIST_FILE = "STCycleLoadView-ZhiHu/Info.plist";
				IPHONEOS_DEPLOYMENT_TARGET = 9.0;
				LD_RUNPATH_SEARCH_PATHS = "$(inherited) @executable_path/Frameworks";
				PRODUCT_BUNDLE_IDENTIFIER = com.saitjr.zhihu;
				PRODUCT_NAME = "$(TARGET_NAME)";
				PROVISIONING_PROFILE = "a75c1882-b238-4c53-a1db-c189da0f5a50";
			};
			name = Release;
		};
		965333CE1C397A0E00F5CF57 /* Debug */ = {
			isa = XCBuildConfiguration;
			buildSettings = {
				BUNDLE_LOADER = "$(TEST_HOST)";
				INFOPLIST_FILE = "STCycleLoadView-ZhiHuTests/Info.plist";
				LD_RUNPATH_SEARCH_PATHS = "$(inherited) @executable_path/Frameworks @loader_path/Frameworks";
				PRODUCT_BUNDLE_IDENTIFIER = "com.saitjr.STCycleLoadView-ZhiHuTests";
				PRODUCT_NAME = "$(TARGET_NAME)";
				TEST_HOST = "$(BUILT_PRODUCTS_DIR)/STCycleLoadView-ZhiHu.app/STCycleLoadView-ZhiHu";
			};
			name = Debug;
		};
		965333CF1C397A0E00F5CF57 /* Release */ = {
			isa = XCBuildConfiguration;
			buildSettings = {
				BUNDLE_LOADER = "$(TEST_HOST)";
				INFOPLIST_FILE = "STCycleLoadView-ZhiHuTests/Info.plist";
				LD_RUNPATH_SEARCH_PATHS = "$(inherited) @executable_path/Frameworks @loader_path/Frameworks";
				PRODUCT_BUNDLE_IDENTIFIER = "com.saitjr.STCycleLoadView-ZhiHuTests";
				PRODUCT_NAME = "$(TARGET_NAME)";
				TEST_HOST = "$(BUILT_PRODUCTS_DIR)/STCycleLoadView-ZhiHu.app/STCycleLoadView-ZhiHu";
			};
			name = Release;
		};
		965333D11C397A0E00F5CF57 /* Debug */ = {
			isa = XCBuildConfiguration;
			buildSettings = {
				INFOPLIST_FILE = "STCycleLoadView-ZhiHuUITests/Info.plist";
				LD_RUNPATH_SEARCH_PATHS = "$(inherited) @executable_path/Frameworks @loader_path/Frameworks";
				PRODUCT_BUNDLE_IDENTIFIER = "com.saitjr.STCycleLoadView-ZhiHuUITests";
				PRODUCT_NAME = "$(TARGET_NAME)";
				TEST_TARGET_NAME = "STCycleLoadView-ZhiHu";
				USES_XCTRUNNER = YES;
			};
			name = Debug;
		};
		965333D21C397A0E00F5CF57 /* Release */ = {
			isa = XCBuildConfiguration;
			buildSettings = {
				INFOPLIST_FILE = "STCycleLoadView-ZhiHuUITests/Info.plist";
				LD_RUNPATH_SEARCH_PATHS = "$(inherited) @executable_path/Frameworks @loader_path/Frameworks";
				PRODUCT_BUNDLE_IDENTIFIER = "com.saitjr.STCycleLoadView-ZhiHuUITests";
				PRODUCT_NAME = "$(TARGET_NAME)";
				TEST_TARGET_NAME = "STCycleLoadView-ZhiHu";
				USES_XCTRUNNER = YES;
			};
			name = Release;
		};
/* End XCBuildConfiguration section */

/* Begin XCConfigurationList section */
		9653339D1C397A0E00F5CF57 /* Build configuration list for PBXProject "STCycleLoadView-ZhiHu" */ = {
			isa = XCConfigurationList;
			buildConfigurations = (
				965333C81C397A0E00F5CF57 /* Debug */,
				965333C91C397A0E00F5CF57 /* Release */,
			);
			defaultConfigurationIsVisible = 0;
			defaultConfigurationName = Release;
		};
		965333CA1C397A0E00F5CF57 /* Build configuration list for PBXNativeTarget "STCycleLoadView-ZhiHu" */ = {
			isa = XCConfigurationList;
			buildConfigurations = (
				965333CB1C397A0E00F5CF57 /* Debug */,
				965333CC1C397A0E00F5CF57 /* Release */,
			);
			defaultConfigurationIsVisible = 0;
			defaultConfigurationName = Release;
		};
		965333CD1C397A0E00F5CF57 /* Build configuration list for PBXNativeTarget "STCycleLoadView-ZhiHuTests" */ = {
			isa = XCConfigurationList;
			buildConfigurations = (
				965333CE1C397A0E00F5CF57 /* Debug */,
				965333CF1C397A0E00F5CF57 /* Release */,
			);
			defaultConfigurationIsVisible = 0;
			defaultConfigurationName = Release;
		};
		965333D01C397A0E00F5CF57 /* Build configuration list for PBXNativeTarget "STCycleLoadView-ZhiHuUITests" */ = {
			isa = XCConfigurationList;
			buildConfigurations = (
				965333D11C397A0E00F5CF57 /* Debug */,
				965333D21C397A0E00F5CF57 /* Release */,
			);
			defaultConfigurationIsVisible = 0;
			defaultConfigurationName = Release;
		};
/* End XCConfigurationList section */
	};
	rootObject = 9653339A1C397A0E00F5CF57 /* Project object */;
}
