// !$*UTF8*$!
{
	archiveVersion = 1;
	classes = {
	};
	objectVersion = 46;
	objects = {

/* Begin PBXBuildFile section */
		96719C221C3AB90900F994D6 /* AppDelegate.swift in Sources */ = {isa = PBXBuildFile; fileRef = 96719C211C3AB90900F994D6 /* AppDelegate.swift */; };
		96719C241C3AB90900F994D6 /* ViewController.swift in Sources */ = {isa = PBXBuildFile; fileRef = 96719C231C3AB90900F994D6 /* ViewController.swift */; };
		96719C271C3AB90900F994D6 /* Main.storyboard in Resources */ = {isa = PBXBuildFile; fileRef = 96719C251C3AB90900F994D6 /* Main.storyboard */; };
		96719C291C3AB90900F994D6 /* Assets.xcassets in Resources */ = {isa = PBXBuildFile; fileRef = 96719C281C3AB90900F994D6 /* Assets.xcassets */; };
		96719C2C1C3AB90900F994D6 /* LaunchScreen.storyboard in Resources */ = {isa = PBXBuildFile; fileRef = 96719C2A1C3AB90900F994D6 /* LaunchScreen.storyboard */; };
		96719C371C3AB90900F994D6 /* STSpotLoadView_ArchTests.swift in Sources */ = {isa = PBXBuildFile; fileRef = 96719C361C3AB90900F994D6 /* STSpotLoadView_ArchTests.swift */; };
		96719C421C3AB90A00F994D6 /* STSpotLoadView_ArchUITests.swift in Sources */ = {isa = PBXBuildFile; fileRef = 96719C411C3AB90A00F994D6 /* STSpotLoadView_ArchUITests.swift */; };
		96719C521C3AB93A00F994D6 /* STConfiguration.swift in Sources */ = {isa = PBXBuildFile; fileRef = 96719C501C3AB93A00F994D6 /* STConfiguration.swift */; };
		96719C531C3AB93A00F994D6 /* STSpotLoadView.swift in Sources */ = {isa = PBXBuildFile; fileRef = 96719C511C3AB93A00F994D6 /* STSpotLoadView.swift */; };
/* End PBXBuildFile section */

/* Begin PBXContainerItemProxy section */
		96719C331C3AB90900F994D6 /* PBXContainerItemProxy */ = {
			isa = PBXContainerItemProxy;
			containerPortal = 96719C161C3AB90900F994D6 /* Project object */;
			proxyType = 1;
			remoteGlobalIDString = 96719C1D1C3AB90900F994D6;
			remoteInfo = "STSpotLoadView-Arch";
		};
		96719C3E1C3AB90900F994D6 /* PBXContainerItemProxy */ = {
			isa = PBXContainerItemProxy;
			containerPortal = 96719C161C3AB90900F994D6 /* Project object */;
			proxyType = 1;
			remoteGlobalIDString = 96719C1D1C3AB90900F994D6;
			remoteInfo = "STSpotLoadView-Arch";
		};
/* End PBXContainerItemProxy section */

/* Begin PBXFileReference section */
		96719C1E1C3AB90900F994D6 /* STSpotLoadView-Arch.app */ = {isa = PBXFileReference; explicitFileType = wrapper.application; includeInIndex = 0; path = "STSpotLoadView-Arch.app"; sourceTree = BUILT_PRODUCTS_DIR; };
		96719C211C3AB90900F994D6 /* AppDelegate.swift */ = {isa = PBXFileReference; lastKnownFileType = sourcecode.swift; path = AppDelegate.swift; sourceTree = "<group>"; };
		96719C231C3AB90900F994D6 /* ViewController.swift */ = {isa = PBXFileReference; lastKnownFileType = sourcecode.swift; path = ViewController.swift; sourceTree = "<group>"; };
		96719C261C3AB90900F994D6 /* Base */ = {isa = PBXFileReference; lastKnownFileType = file.storyboard; name = Base; path = Base.lproj/Main.storyboard; sourceTree = "<group>"; };
		96719C281C3AB90900F994D6 /* Assets.xcassets */ = {isa = PBXFileReference; lastKnownFileType = folder.assetcatalog; path = Assets.xcassets; sourceTree = "<group>"; };
		96719C2B1C3AB90900F994D6 /* Base */ = {isa = PBXFileReference; lastKnownFileType = file.storyboard; name = Base; path = Base.lproj/LaunchScreen.storyboard; sourceTree = "<group>"; };
		96719C2D1C3AB90900F994D6 /* Info.plist */ = {isa = PBXFileReference; lastKnownFileType = text.plist.xml; path = Info.plist; sourceTree = "<group>"; };
		96719C321C3AB90900F994D6 /* STSpotLoadView-ArchTests.xctest */ = {isa = PBXFileReference; explicitFileType = wrapper.cfbundle; includeInIndex = 0; path = "STSpotLoadView-ArchTests.xctest"; sourceTree = BUILT_PRODUCTS_DIR; };
		96719C361C3AB90900F994D6 /* STSpotLoadView_ArchTests.swift */ = {isa = PBXFileReference; lastKnownFileType = sourcecode.swift; path = STSpotLoadView_ArchTests.swift; sourceTree = "<group>"; };
		96719C381C3AB90900F994D6 /* Info.plist */ = {isa = PBXFileReference; lastKnownFileType = text.plist.xml; path = Info.plist; sourceTree = "<group>"; };
		96719C3D1C3AB90900F994D6 /* STSpotLoadView-ArchUITests.xctest */ = {isa = PBXFileReference; explicitFileType = wrapper.cfbundle; includeInIndex = 0; path = "STSpotLoadView-ArchUITests.xctest"; sourceTree = BUILT_PRODUCTS_DIR; };
		96719C411C3AB90A00F994D6 /* STSpotLoadView_ArchUITests.swift */ = {isa = PBXFileReference; lastKnownFileType = sourcecode.swift; path = STSpotLoadView_ArchUITests.swift; sourceTree = "<group>"; };
		96719C431C3AB90A00F994D6 /* Info.plist */ = {isa = PBXFileReference; lastKnownFileType = text.plist.xml; path = Info.plist; sourceTree = "<group>"; };
		96719C501C3AB93A00F994D6 /* STConfiguration.swift */ = {isa = PBXFileReference; fileEncoding = 4; lastKnownFileType = sourcecode.swift; path = STConfiguration.swift; sourceTree = "<group>"; };
		96719C511C3AB93A00F994D6 /* STSpotLoadView.swift */ = {isa = PBXFileReference; fileEncoding = 4; lastKnownFileType = sourcecode.swift; path = STSpotLoadView.swift; sourceTree = "<group>"; };
/* End PBXFileReference section */

/* Begin PBXFrameworksBuildPhase section */
		96719C1B1C3AB90900F994D6 /* Frameworks */ = {
			isa = PBXFrameworksBuildPhase;
			buildActionMask = 2147483647;
			files = (
			);
			runOnlyForDeploymentPostprocessing = 0;
		};
		96719C2F1C3AB90900F994D6 /* Frameworks */ = {
			isa = PBXFrameworksBuildPhase;
			buildActionMask = 2147483647;
			files = (
			);
			runOnlyForDeploymentPostprocessing = 0;
		};
		96719C3A1C3AB90900F994D6 /* Frameworks */ = {
			isa = PBXFrameworksBuildPhase;
			buildActionMask = 2147483647;
			files = (
			);
			runOnlyForDeploymentPostprocessing = 0;
		};
/* End PBXFrameworksBuildPhase section */

/* Begin PBXGroup section */
		96719C151C3AB90900F994D6 = {
			isa = PBXGroup;
			children = (
				96719C201C3AB90900F994D6 /* STSpotLoadView-Arch */,
				96719C351C3AB90900F994D6 /* STSpotLoadView-ArchTests */,
				96719C401C3AB90A00F994D6 /* STSpotLoadView-ArchUITests */,
				96719C1F1C3AB90900F994D6 /* Products */,
			);
			sourceTree = "<group>";
		};
		96719C1F1C3AB90900F994D6 /* Products */ = {
			isa = PBXGroup;
			children = (
				96719C1E1C3AB90900F994D6 /* STSpotLoadView-Arch.app */,
				96719C321C3AB90900F994D6 /* STSpotLoadView-ArchTests.xctest */,
				96719C3D1C3AB90900F994D6 /* STSpotLoadView-ArchUITests.xctest */,
			);
			name = Products;
			sourceTree = "<group>";
		};
		96719C201C3AB90900F994D6 /* STSpotLoadView-Arch */ = {
			isa = PBXGroup;
			children = (
				96719C4F1C3AB93A00F994D6 /* STSpotLoadView */,
				96719C211C3AB90900F994D6 /* AppDelegate.swift */,
				96719C231C3AB90900F994D6 /* ViewController.swift */,
				96719C251C3AB90900F994D6 /* Main.storyboard */,
				96719C281C3AB90900F994D6 /* Assets.xcassets */,
				96719C2A1C3AB90900F994D6 /* LaunchScreen.storyboard */,
				96719C2D1C3AB90900F994D6 /* Info.plist */,
			);
			path = "STSpotLoadView-Arch";
			sourceTree = "<group>";
		};
		96719C351C3AB90900F994D6 /* STSpotLoadView-ArchTests */ = {
			isa = PBXGroup;
			children = (
				96719C361C3AB90900F994D6 /* STSpotLoadView_ArchTests.swift */,
				96719C381C3AB90900F994D6 /* Info.plist */,
			);
			path = "STSpotLoadView-ArchTests";
			sourceTree = "<group>";
		};
		96719C401C3AB90A00F994D6 /* STSpotLoadView-ArchUITests */ = {
			isa = PBXGroup;
			children = (
				96719C411C3AB90A00F994D6 /* STSpotLoadView_ArchUITests.swift */,
				96719C431C3AB90A00F994D6 /* Info.plist */,
			);
			path = "STSpotLoadView-ArchUITests";
			sourceTree = "<group>";
		};
		96719C4F1C3AB93A00F994D6 /* STSpotLoadView */ = {
			isa = PBXGroup;
			children = (
				96719C511C3AB93A00F994D6 /* STSpotLoadView.swift */,
				96719C501C3AB93A00F994D6 /* STConfiguration.swift */,
			);
			path = STSpotLoadView;
			sourceTree = "<group>";
		};
/* End PBXGroup section */

/* Begin PBXNativeTarget section */
		96719C1D1C3AB90900F994D6 /* STSpotLoadView-Arch */ = {
			isa = PBXNativeTarget;
			buildConfigurationList = 96719C461C3AB90A00F994D6 /* Build configuration list for PBXNativeTarget "STSpotLoadView-Arch" */;
			buildPhases = (
				96719C1A1C3AB90900F994D6 /* Sources */,
				96719C1B1C3AB90900F994D6 /* Frameworks */,
				96719C1C1C3AB90900F994D6 /* Resources */,
			);
			buildRules = (
			);
			dependencies = (
			);
			name = "STSpotLoadView-Arch";
			productName = "STSpotLoadView-Arch";
			productReference = 96719C1E1C3AB90900F994D6 /* STSpotLoadView-Arch.app */;
			productType = "com.apple.product-type.application";
		};
		96719C311C3AB90900F994D6 /* STSpotLoadView-ArchTests */ = {
			isa = PBXNativeTarget;
			buildConfigurationList = 96719C491C3AB90A00F994D6 /* Build configuration list for PBXNativeTarget "STSpotLoadView-ArchTests" */;
			buildPhases = (
				96719C2E1C3AB90900F994D6 /* Sources */,
				96719C2F1C3AB90900F994D6 /* Frameworks */,
				96719C301C3AB90900F994D6 /* Resources */,
			);
			buildRules = (
			);
			dependencies = (
				96719C341C3AB90900F994D6 /* PBXTargetDependency */,
			);
			name = "STSpotLoadView-ArchTests";
			productName = "STSpotLoadView-ArchTests";
			productReference = 96719C321C3AB90900F994D6 /* STSpotLoadView-ArchTests.xctest */;
			productType = "com.apple.product-type.bundle.unit-test";
		};
		96719C3C1C3AB90900F994D6 /* STSpotLoadView-ArchUITests */ = {
			isa = PBXNativeTarget;
			buildConfigurationList = 96719C4C1C3AB90A00F994D6 /* Build configuration list for PBXNativeTarget "STSpotLoadView-ArchUITests" */;
			buildPhases = (
				96719C391C3AB90900F994D6 /* Sources */,
				96719C3A1C3AB90900F994D6 /* Frameworks */,
				96719C3B1C3AB90900F994D6 /* Resources */,
			);
			buildRules = (
			);
			dependencies = (
				96719C3F1C3AB90900F994D6 /* PBXTargetDependency */,
			);
			name = "STSpotLoadView-ArchUITests";
			productName = "STSpotLoadView-ArchUITests";
			productReference = 96719C3D1C3AB90900F994D6 /* STSpotLoadView-ArchUITests.xctest */;
			productType = "com.apple.product-type.bundle.ui-testing";
		};
/* End PBXNativeTarget section */

/* Begin PBXProject section */
		96719C161C3AB90900F994D6 /* Project object */ = {
			isa = PBXProject;
			attributes = {
				LastSwiftUpdateCheck = 0720;
				LastUpgradeCheck = 0720;
				ORGANIZATIONNAME = tangjr;
				TargetAttributes = {
					96719C1D1C3AB90900F994D6 = {
						CreatedOnToolsVersion = 7.2;
					};
					96719C311C3AB90900F994D6 = {
						CreatedOnToolsVersion = 7.2;
						TestTargetID = 96719C1D1C3AB90900F994D6;
					};
					96719C3C1C3AB90900F994D6 = {
						CreatedOnToolsVersion = 7.2;
						TestTargetID = 96719C1D1C3AB90900F994D6;
					};
				};
			};
			buildConfigurationList = 96719C191C3AB90900F994D6 /* Build configuration list for PBXProject "STSpotLoadView-Arch" */;
			compatibilityVersion = "Xcode 3.2";
			developmentRegion = English;
			hasScannedForEncodings = 0;
			knownRegions = (
				en,
				Base,
			);
			mainGroup = 96719C151C3AB90900F994D6;
			productRefGroup = 96719C1F1C3AB90900F994D6 /* Products */;
			projectDirPath = "";
			projectRoot = "";
			targets = (
				96719C1D1C3AB90900F994D6 /* STSpotLoadView-Arch */,
				96719C311C3AB90900F994D6 /* STSpotLoadView-ArchTests */,
				96719C3C1C3AB90900F994D6 /* STSpotLoadView-ArchUITests */,
			);
		};
/* End PBXProject section */

/* Begin PBXResourcesBuildPhase section */
		96719C1C1C3AB90900F994D6 /* Resources */ = {
			isa = PBXResourcesBuildPhase;
			buildActionMask = 2147483647;
			files = (
				96719C2C1C3AB90900F994D6 /* LaunchScreen.storyboard in Resources */,
				96719C291C3AB90900F994D6 /* Assets.xcassets in Resources */,
				96719C271C3AB90900F994D6 /* Main.storyboard in Resources */,
			);
			runOnlyForDeploymentPostprocessing = 0;
		};
		96719C301C3AB90900F994D6 /* Resources */ = {
			isa = PBXResourcesBuildPhase;
			buildActionMask = 2147483647;
			files = (
			);
			runOnlyForDeploymentPostprocessing = 0;
		};
		96719C3B1C3AB90900F994D6 /* Resources */ = {
			isa = PBXResourcesBuildPhase;
			buildActionMask = 2147483647;
			files = (
			);
			runOnlyForDeploymentPostprocessing = 0;
		};
/* End PBXResourcesBuildPhase section */

/* Begin PBXSourcesBuildPhase section */
		96719C1A1C3AB90900F994D6 /* Sources */ = {
			isa = PBXSourcesBuildPhase;
			buildActionMask = 2147483647;
			files = (
				96719C521C3AB93A00F994D6 /* STConfiguration.swift in Sources */,
				96719C241C3AB90900F994D6 /* ViewController.swift in Sources */,
				96719C221C3AB90900F994D6 /* AppDelegate.swift in Sources */,
				96719C531C3AB93A00F994D6 /* STSpotLoadView.swift in Sources */,
			);
			runOnlyForDeploymentPostprocessing = 0;
		};
		96719C2E1C3AB90900F994D6 /* Sources */ = {
			isa = PBXSourcesBuildPhase;
			buildActionMask = 2147483647;
			files = (
				96719C371C3AB90900F994D6 /* STSpotLoadView_ArchTests.swift in Sources */,
			);
			runOnlyForDeploymentPostprocessing = 0;
		};
		96719C391C3AB90900F994D6 /* Sources */ = {
			isa = PBXSourcesBuildPhase;
			buildActionMask = 2147483647;
			files = (
				96719C421C3AB90A00F994D6 /* STSpotLoadView_ArchUITests.swift in Sources */,
			);
			runOnlyForDeploymentPostprocessing = 0;
		};
/* End PBXSourcesBuildPhase section */

/* Begin PBXTargetDependency section */
		96719C341C3AB90900F994D6 /* PBXTargetDependency */ = {
			isa = PBXTargetDependency;
			target = 96719C1D1C3AB90900F994D6 /* STSpotLoadView-Arch */;
			targetProxy = 96719C331C3AB90900F994D6 /* PBXContainerItemProxy */;
		};
		96719C3F1C3AB90900F994D6 /* PBXTargetDependency */ = {
			isa = PBXTargetDependency;
			target = 96719C1D1C3AB90900F994D6 /* STSpotLoadView-Arch */;
			targetProxy = 96719C3E1C3AB90900F994D6 /* PBXContainerItemProxy */;
		};
/* End PBXTargetDependency section */

/* Begin PBXVariantGroup section */
		96719C251C3AB90900F994D6 /* Main.storyboard */ = {
			isa = PBXVariantGroup;
			children = (
				96719C261C3AB90900F994D6 /* Base */,
			);
			name = Main.storyboard;
			sourceTree = "<group>";
		};
		96719C2A1C3AB90900F994D6 /* LaunchScreen.storyboard */ = {
			isa = PBXVariantGroup;
			children = (
				96719C2B1C3AB90900F994D6 /* Base */,
			);
			name = LaunchScreen.storyboard;
			sourceTree = "<group>";
		};
/* End PBXVariantGroup section */

/* Begin XCBuildConfiguration section */
		96719C441C3AB90A00F994D6 /* Debug */ = {
			isa = XCBuildConfiguration;
			buildSettings = {
				ALWAYS_SEARCH_USER_PATHS = NO;
				CLANG_CXX_LANGUAGE_STANDARD = "gnu++0x";
				CLANG_CXX_LIBRARY = "libc++";
				CLANG_ENABLE_MODULES = YES;
				CLANG_ENABLE_OBJC_ARC = YES;
				CLANG_WARN_BOOL_CONVERSION = YES;
				CLANG_WARN_CONSTANT_CONVERSION = YES;
				CLANG_WARN_DIRECT_OBJC_ISA_USAGE = YES_ERROR;
				CLANG_WARN_EMPTY_BODY = YES;
				CLANG_WARN_ENUM_CONVERSION = YES;
				CLANG_WARN_INT_CONVERSION = YES;
				CLANG_WARN_OBJC_ROOT_CLASS = YES_ERROR;
				CLANG_WARN_UNREACHABLE_CODE = YES;
				CLANG_WARN__DUPLICATE_METHOD_MATCH = YES;
				"CODE_SIGN_IDENTITY[sdk=iphoneos*]" = "iPhone Developer";
				COPY_PHASE_STRIP = NO;
				DEBUG_INFORMATION_FORMAT = dwarf;
				ENABLE_STRICT_OBJC_MSGSEND = YES;
				ENABLE_TESTABILITY = YES;
				GCC_C_LANGUAGE_STANDARD = gnu99;
				GCC_DYNAMIC_NO_PIC = NO;
				GCC_NO_COMMON_BLOCKS = YES;
				GCC_OPTIMIZATION_LEVEL = 0;
				GCC_PREPROCESSOR_DEFINITIONS = (
					"DEBUG=1",
					"$(inherited)",
				);
				GCC_WARN_64_TO_32_BIT_CONVERSION = YES;
				GCC_WARN_ABOUT_RETURN_TYPE = YES_ERROR;
				GCC_WARN_UNDECLARED_SELECTOR = YES;
				GCC_WARN_UNINITIALIZED_AUTOS = YES_AGGRESSIVE;
				GCC_WARN_UNUSED_FUNCTION = YES;
				GCC_WARN_UNUSED_VARIABLE = YES;
				IPHONEOS_DEPLOYMENT_TARGET = 9.2;
				MTL_ENABLE_DEBUG_INFO = YES;
				ONLY_ACTIVE_ARCH = YES;
				SDKROOT = iphoneos;
				SWIFT_OPTIMIZATION_LEVEL = "-Onone";
				TARGETED_DEVICE_FAMILY = "1,2";
			};
			name = Debug;
		};
		96719C451C3AB90A00F994D6 /* Release */ = {
			isa = XCBuildConfiguration;
			buildSettings = {
				ALWAYS_SEARCH_USER_PATHS = NO;
				CLANG_CXX_LANGUAGE_STANDARD = "gnu++0x";
				CLANG_CXX_LIBRARY = "libc++";
				CLANG_ENABLE_MODULES = YES;
				CLANG_ENABLE_OBJC_ARC = YES;
				CLANG_WARN_BOOL_CONVERSION = YES;
				CLANG_WARN_CONSTANT_CONVERSION = YES;
				CLANG_WARN_DIRECT_OBJC_ISA_USAGE = YES_ERROR;
				CLANG_WARN_EMPTY_BODY = YES;
				CLANG_WARN_ENUM_CONVERSION = YES;
				CLANG_WARN_INT_CONVERSION = YES;
				CLANG_WARN_OBJC_ROOT_CLASS = YES_ERROR;
				CLANG_WARN_UNREACHABLE_CODE = YES;
				CLANG_WARN__DUPLICATE_METHOD_MATCH = YES;
				"CODE_SIGN_IDENTITY[sdk=iphoneos*]" = "iPhone Developer";
				COPY_PHASE_STRIP = NO;
				DEBUG_INFORMATION_FORMAT = "dwarf-with-dsym";
				ENABLE_NS_ASSERTIONS = NO;
				ENABLE_STRICT_OBJC_MSGSEND = YES;
				GCC_C_LANGUAGE_STANDARD = gnu99;
				GCC_NO_COMMON_BLOCKS = YES;
				GCC_WARN_64_TO_32_BIT_CONVERSION = YES;
				GCC_WARN_ABOUT_RETURN_TYPE = YES_ERROR;
				GCC_WARN_UNDECLARED_SELECTOR = YES;
				GCC_WARN_UNINITIALIZED_AUTOS = YES_AGGRESSIVE;
				GCC_WARN_UNUSED_FUNCTION = YES;
				GCC_WARN_UNUSED_VARIABLE = YES;
				IPHONEOS_DEPLOYMENT_TARGET = 9.2;
				MTL_ENABLE_DEBUG_INFO = NO;
				SDKROOT = iphoneos;
				TARGETED_DEVICE_FAMILY = "1,2";
				VALIDATE_PRODUCT = YES;
			};
			name = Release;
		};
		96719C471C3AB90A00F994D6 /* Debug */ = {
			isa = XCBuildConfiguration;
			buildSettings = {
				ASSETCATALOG_COMPILER_APPICON_NAME = AppIcon;
				CODE_SIGN_IDENTITY = "iPhone Distribution: shenzhen bluepoint interaction technology Co., Ltd.";
				INFOPLIST_FILE = "STSpotLoadView-Arch/Info.plist";
				IPHONEOS_DEPLOYMENT_TARGET = 9.0;
				LD_RUNPATH_SEARCH_PATHS = "$(inherited) @executable_path/Frameworks";
				PRODUCT_BUNDLE_IDENTIFIER = com.saitjr.arch;
				PRODUCT_NAME = "$(TARGET_NAME)";
				PROVISIONING_PROFILE = "6dfa6659-f164-4385-a7be-705141305f29";
			};
			name = Debug;
		};
		96719C481C3AB90A00F994D6 /* Release */ = {
			isa = XCBuildConfiguration;
			buildSettings = {
				ASSETCATALOG_COMPILER_APPICON_NAME = AppIcon;
				CODE_SIGN_IDENTITY = "iPhone Distribution: shenzhen bluepoint interaction technology Co., Ltd.";
				INFOPLIST_FILE = "STSpotLoadView-Arch/Info.plist";
				IPHONEOS_DEPLOYMENT_TARGET = 9.0;
				LD_RUNPATH_SEARCH_PATHS = "$(inherited) @executable_path/Frameworks";
				PRODUCT_BUNDLE_IDENTIFIER = com.saitjr.arch;
				PRODUCT_NAME = "$(TARGET_NAME)";
				PROVISIONING_PROFILE = "6dfa6659-f164-4385-a7be-705141305f29";
			};
			name = Release;
		};
		96719C4A1C3AB90A00F994D6 /* Debug */ = {
			isa = XCBuildConfiguration;
			buildSettings = {
				BUNDLE_LOADER = "$(TEST_HOST)";
				INFOPLIST_FILE = "STSpotLoadView-ArchTests/Info.plist";
				LD_RUNPATH_SEARCH_PATHS = "$(inherited) @executable_path/Frameworks @loader_path/Frameworks";
				PRODUCT_BUNDLE_IDENTIFIER = "com.saitjr.STSpotLoadView-ArchTests";
				PRODUCT_NAME = "$(TARGET_NAME)";
				TEST_HOST = "$(BUILT_PRODUCTS_DIR)/STSpotLoadView-Arch.app/STSpotLoadView-Arch";
			};
			name = Debug;
		};
		96719C4B1C3AB90A00F994D6 /* Release */ = {
			isa = XCBuildConfiguration;
			buildSettings = {
				BUNDLE_LOADER = "$(TEST_HOST)";
				INFOPLIST_FILE = "STSpotLoadView-ArchTests/Info.plist";
				LD_RUNPATH_SEARCH_PATHS = "$(inherited) @executable_path/Frameworks @loader_path/Frameworks";
				PRODUCT_BUNDLE_IDENTIFIER = "com.saitjr.STSpotLoadView-ArchTests";
				PRODUCT_NAME = "$(TARGET_NAME)";
				TEST_HOST = "$(BUILT_PRODUCTS_DIR)/STSpotLoadView-Arch.app/STSpotLoadView-Arch";
			};
			name = Release;
		};
		96719C4D1C3AB90A00F994D6 /* Debug */ = {
			isa = XCBuildConfiguration;
			buildSettings = {
				INFOPLIST_FILE = "STSpotLoadView-ArchUITests/Info.plist";
				LD_RUNPATH_SEARCH_PATHS = "$(inherited) @executable_path/Frameworks @loader_path/Frameworks";
				PRODUCT_BUNDLE_IDENTIFIER = "com.saitjr.STSpotLoadView-ArchUITests";
				PRODUCT_NAME = "$(TARGET_NAME)";
				TEST_TARGET_NAME = "STSpotLoadView-Arch";
				USES_XCTRUNNER = YES;
			};
			name = Debug;
		};
		96719C4E1C3AB90A00F994D6 /* Release */ = {
			isa = XCBuildConfiguration;
			buildSettings = {
				INFOPLIST_FILE = "STSpotLoadView-ArchUITests/Info.plist";
				LD_RUNPATH_SEARCH_PATHS = "$(inherited) @executable_path/Frameworks @loader_path/Frameworks";
				PRODUCT_BUNDLE_IDENTIFIER = "com.saitjr.STSpotLoadView-ArchUITests";
				PRODUCT_NAME = "$(TARGET_NAME)";
				TEST_TARGET_NAME = "STSpotLoadView-Arch";
				USES_XCTRUNNER = YES;
			};
			name = Release;
		};
/* End XCBuildConfiguration section */

/* Begin XCConfigurationList section */
		96719C191C3AB90900F994D6 /* Build configuration list for PBXProject "STSpotLoadView-Arch" */ = {
			isa = XCConfigurationList;
			buildConfigurations = (
				96719C441C3AB90A00F994D6 /* Debug */,
				96719C451C3AB90A00F994D6 /* Release */,
			);
			defaultConfigurationIsVisible = 0;
			defaultConfigurationName = Release;
		};
		96719C461C3AB90A00F994D6 /* Build configuration list for PBXNativeTarget "STSpotLoadView-Arch" */ = {
			isa = XCConfigurationList;
			buildConfigurations = (
				96719C471C3AB90A00F994D6 /* Debug */,
				96719C481C3AB90A00F994D6 /* Release */,
			);
			defaultConfigurationIsVisible = 0;
			defaultConfigurationName = Release;
		};
		96719C491C3AB90A00F994D6 /* Build configuration list for PBXNativeTarget "STSpotLoadView-ArchTests" */ = {
			isa = XCConfigurationList;
			buildConfigurations = (
				96719C4A1C3AB90A00F994D6 /* Debug */,
				96719C4B1C3AB90A00F994D6 /* Release */,
			);
			defaultConfigurationIsVisible = 0;
			defaultConfigurationName = Release;
		};
		96719C4C1C3AB90A00F994D6 /* Build configuration list for PBXNativeTarget "STSpotLoadView-ArchUITests" */ = {
			isa = XCConfigurationList;
			buildConfigurations = (
				96719C4D1C3AB90A00F994D6 /* Debug */,
				96719C4E1C3AB90A00F994D6 /* Release */,
			);
			defaultConfigurationIsVisible = 0;
			defaultConfigurationName = Release;
		};
/* End XCConfigurationList section */
	};
	rootObject = 96719C161C3AB90900F994D6 /* Project object */;
}
